
Microsoft Visual Studio Solution File, Format Version 12.00
# Visual Studio Version 17
VisualStudioVersion = 17.4.33213.308
MinimumVisualStudioVersion = 10.0.40219.1
Project("{FAE04EC0-301F-11D3-BF4B-00C04F79EFBC}") = "BusinessObjects", "BusinessObjects\BusinessObjects.csproj", "{231E4982-9438-45D2-BBD6-C6E60277E717}"
EndProject
Project("{FAE04EC0-301F-11D3-BF4B-00C04F79EFBC}") = "DataAccessObjects", "DataAccessObjects\DataAccessObjects.csproj", "{DEEDFD3A-0B92-4E1B-BC22-B78409136F06}"
EndProject
Project("{FAE04EC0-301F-11D3-BF4B-00C04F79EFBC}") = "IT_Human_resource_manager_system", "IT_Human_resource_manager_system\IT_Human_resource_manager_system.csproj", "{727F9916-1453-465D-AE1E-7E5E6D283F8C}"
EndProject
Project("{FAE04EC0-301F-11D3-BF4B-00C04F79EFBC}") = "Repositories", "Repositories\Repositories.csproj", "{5CFF2F91-5DF2-4F0F-AE30-22FA84CEEFCC}"
EndProject
Global
	GlobalSection(SolutionConfigurationPlatforms) = preSolution
		Debug|Any CPU = Debug|Any CPU
		Release|Any CPU = Release|Any CPU
	EndGlobalSection
	GlobalSection(ProjectConfigurationPlatforms) = postSolution
		{231E4982-9438-45D2-BBD6-C6E60277E717}.Debug|Any CPU.ActiveCfg = Debug|Any CPU
		{231E4982-9438-45D2-BBD6-C6E60277E717}.Debug|Any CPU.Build.0 = Debug|Any CPU
		{231E4982-9438-45D2-BBD6-C6E60277E717}.Release|Any CPU.ActiveCfg = Release|Any CPU
		{231E4982-9438-45D2-BBD6-C6E60277E717}.Release|Any CPU.Build.0 = Release|Any CPU
		{DEEDFD3A-0B92-4E1B-BC22-B78409136F06}.Debug|Any CPU.ActiveCfg = Debug|Any CPU
		{DEEDFD3A-0B92-4E1B-BC22-B78409136F06}.Debug|Any CPU.Build.0 = Debug|Any CPU
		{DEEDFD3A-0B92-4E1B-BC22-B78409136F06}.Release|Any CPU.ActiveCfg = Release|Any CPU
		{DEEDFD3A-0B92-4E1B-BC22-B78409136F06}.Release|Any CPU.Build.0 = Release|Any CPU
		{727F9916-1453-465D-AE1E-7E5E6D283F8C}.Debug|Any CPU.ActiveCfg = Debug|Any CPU
		{727F9916-1453-465D-AE1E-7E5E6D283F8C}.Debug|Any CPU.Build.0 = Debug|Any CPU
		{727F9916-1453-465D-AE1E-7E5E6D283F8C}.Release|Any CPU.ActiveCfg = Release|Any CPU
		{727F9916-1453-465D-AE1E-7E5E6D283F8C}.Release|Any CPU.Build.0 = Release|Any CPU
		{5CFF2F91-5DF2-4F0F-AE30-22FA84CEEFCC}.Debug|Any CPU.ActiveCfg = Debug|Any CPU
		{5CFF2F91-5DF2-4F0F-AE30-22FA84CEEFCC}.Debug|Any CPU.Build.0 = Debug|Any CPU
		{5CFF2F91-5DF2-4F0F-AE30-22FA84CEEFCC}.Release|Any CPU.ActiveCfg = Release|Any CPU
		{5CFF2F91-5DF2-4F0F-AE30-22FA84CEEFCC}.Release|Any CPU.Build.0 = Release|Any CPU
	EndGlobalSection
	GlobalSection(SolutionProperties) = preSolution
		HideSolutionNode = FALSE
	EndGlobalSection
	GlobalSection(ExtensibilityGlobals) = postSolution
		SolutionGuid = {2416FFC1-8E6E-46F6-A90C-E071A08A6714}
	EndGlobalSection
EndGlobal
